
Microsoft Visual Studio Solution File, Format Version 12.00
# Visual Studio Version 16
VisualStudioVersion = 16.0.29728.190
MinimumVisualStudioVersion = 10.0.40219.1
Project("{FAE04EC0-301F-11D3-BF4B-00C04F79EFBC}") = "Calculation_Frame", "Common\Calculation_Frame.csproj", "{B75821EB-7EA3-4696-8706-4A8A039C08A7}"
EndProject
Project("{FAE04EC0-301F-11D3-BF4B-00C04F79EFBC}") = "Layout_FrameMenu", "Layout_FrameMenu\Layout_FrameMenu.csproj", "{D4616176-6EF5-4DEB-B980-EEEAF03D2A36}"
EndProject
Project("{FAE04EC0-301F-11D3-BF4B-00C04F79EFBC}") = "StartupMenu", "StartupMenu\StartupMenu.csproj", "{453E5DE8-3131-44AA-AFA0-18B6C74F8572}"
EndProject
Project("{FAE04EC0-301F-11D3-BF4B-00C04F79EFBC}") = "Calculation_Frame.Tests", "Calculation_Frame.Tests\Calculation_Frame.Tests.csproj", "{8DA0AC3C-FC0D-45BE-BA88-AD2B875CFC4C}"
EndProject
Global
	GlobalSection(SolutionConfigurationPlatforms) = preSolution
		Debug|Any CPU = Debug|Any CPU
		Release|Any CPU = Release|Any CPU
	EndGlobalSection
	GlobalSection(ProjectConfigurationPlatforms) = postSolution
		{B75821EB-7EA3-4696-8706-4A8A039C08A7}.Debug|Any CPU.ActiveCfg = Debug|Any CPU
		{B75821EB-7EA3-4696-8706-4A8A039C08A7}.Debug|Any CPU.Build.0 = Debug|Any CPU
		{B75821EB-7EA3-4696-8706-4A8A039C08A7}.Release|Any CPU.ActiveCfg = Release|Any CPU
		{B75821EB-7EA3-4696-8706-4A8A039C08A7}.Release|Any CPU.Build.0 = Release|Any CPU
		{D4616176-6EF5-4DEB-B980-EEEAF03D2A36}.Debug|Any CPU.ActiveCfg = Debug|Any CPU
		{D4616176-6EF5-4DEB-B980-EEEAF03D2A36}.Debug|Any CPU.Build.0 = Debug|Any CPU
		{D4616176-6EF5-4DEB-B980-EEEAF03D2A36}.Release|Any CPU.ActiveCfg = Release|Any CPU
		{D4616176-6EF5-4DEB-B980-EEEAF03D2A36}.Release|Any CPU.Build.0 = Release|Any CPU
		{453E5DE8-3131-44AA-AFA0-18B6C74F8572}.Debug|Any CPU.ActiveCfg = Debug|Any CPU
		{453E5DE8-3131-44AA-AFA0-18B6C74F8572}.Debug|Any CPU.Build.0 = Debug|Any CPU
		{453E5DE8-3131-44AA-AFA0-18B6C74F8572}.Release|Any CPU.ActiveCfg = Release|Any CPU
		{453E5DE8-3131-44AA-AFA0-18B6C74F8572}.Release|Any CPU.Build.0 = Release|Any CPU
		{8DA0AC3C-FC0D-45BE-BA88-AD2B875CFC4C}.Debug|Any CPU.ActiveCfg = Debug|Any CPU
		{8DA0AC3C-FC0D-45BE-BA88-AD2B875CFC4C}.Debug|Any CPU.Build.0 = Debug|Any CPU
		{8DA0AC3C-FC0D-45BE-BA88-AD2B875CFC4C}.Release|Any CPU.ActiveCfg = Release|Any CPU
		{8DA0AC3C-FC0D-45BE-BA88-AD2B875CFC4C}.Release|Any CPU.Build.0 = Release|Any CPU
	EndGlobalSection
	GlobalSection(SolutionProperties) = preSolution
		HideSolutionNode = FALSE
	EndGlobalSection
	GlobalSection(ExtensibilityGlobals) = postSolution
		SolutionGuid = {DDC99C47-E195-457E-B8B9-26736CB8D8D0}
	EndGlobalSection
EndGlobal
